<?xml version="1.0" encoding="utf-8"?>
<Project ToolsVersion="4.0" xmlns="http://schemas.microsoft.com/developer/msbuild/2003">
  <ItemGroup>
    <Filter Include="Week 1">
      <UniqueIdentifier>{f8c881f8-3297-46f8-bbab-4d376be3f239}</UniqueIdentifier>
    </Filter>
    <Filter Include="Week 2">
      <UniqueIdentifier>{950a74f5-dc61-4f49-87ac-fe5127013217}</UniqueIdentifier>
    </Filter>
    <Filter Include="Week 3">
      <UniqueIdentifier>{30ced720-59a5-45e3-89c0-ac6fa3291834}</UniqueIdentifier>
    </Filter>
    <Filter Include="Week 4">
      <UniqueIdentifier>{c69dea0f-0448-4489-b77d-16487172fa67}</UniqueIdentifier>
    </Filter>
    <Filter Include="Week 5">
      <UniqueIdentifier>{b8dc303e-9049-43cd-8f1a-226e2098108e}</UniqueIdentifier>
    </Filter>
    <Filter Include="Week 4\lab4">
      <UniqueIdentifier>{2914d20d-0702-4137-8985-866a265b903d}</UniqueIdentifier>
    </Filter>
    <Filter Include="Week 4\lecture4">
      <UniqueIdentifier>{2fcd5b53-83a4-4317-84b7-63233a350eab}</UniqueIdentifier>
    </Filter>
    <Filter Include="Week 6">
      <UniqueIdentifier>{d1a1b720-1852-4999-b2f1-6ddb58f883cf}</UniqueIdentifier>
    </Filter>
    <Filter Include="Containers">
      <UniqueIdentifier>{d17feec0-8fc3-452b-acac-2ec8a65cf338}</UniqueIdentifier>
    </Filter>
    <Filter Include="Week 9">
      <UniqueIdentifier>{2fe2ab57-9f36-4319-96fc-7d6c55654d40}</UniqueIdentifier>
    </Filter>
    <Filter Include="Assignments">
      <UniqueIdentifier>{24c70aca-3799-46a0-a2c5-2654e283ec23}</UniqueIdentifier>
    </Filter>
    <Filter Include="Week 10">
      <UniqueIdentifier>{759947b0-632a-4ec4-9a5a-bb0deabbd02c}</UniqueIdentifier>
    </Filter>
  </ItemGroup>
  <ItemGroup>
    <ClCompile Include="lab1.cpp">
      <Filter>Week 1</Filter>
    </ClCompile>
    <ClCompile Include="lab2.cpp">
      <Filter>Week 2</Filter>
    </ClCompile>
    <ClCompile Include="lecture2.cpp">
      <Filter>Week 2</Filter>
    </ClCompile>
    <ClCompile Include="lab3.cpp">
      <Filter>Week 3</Filter>
    </ClCompile>
    <ClCompile Include="lecture3.cpp">
      <Filter>Week 3</Filter>
    </ClCompile>
    <ClCompile Include="People.cpp">
      <Filter>Week 5</Filter>
    </ClCompile>
    <ClCompile Include="OperatorAbuse.cpp">
      <Filter>Week 4</Filter>
    </ClCompile>
    <ClCompile Include="lab4.cpp">
      <Filter>Week 4\lab4</Filter>
    </ClCompile>
    <ClCompile Include="lecture4.cpp">
      <Filter>Week 4\lecture4</Filter>
    </ClCompile>
    <ClCompile Include="Vector2.cpp">
      <Filter>Week 4\lab4</Filter>
    </ClCompile>
    <ClCompile Include="lecture5.cpp">
      <Filter>Week 5</Filter>
    </ClCompile>
    <ClCompile Include="lab5.cpp">
      <Filter>Week 5</Filter>
    </ClCompile>
    <ClCompile Include="polymorphism.cpp">
      <Filter>Week 6</Filter>
    </ClCompile>
    <ClCompile Include="templates.cpp">
      <Filter>Week 6</Filter>
    </ClCompile>
    <ClCompile Include="lab6.cpp">
      <Filter>Week 6</Filter>
    </ClCompile>
    <ClCompile Include="Lab2Solution.cpp">
      <Filter>Week 6</Filter>
    </ClCompile>
    <ClCompile Include="lecture9.cpp">
      <Filter>Week 9</Filter>
    </ClCompile>
    <ClCompile Include="One.cpp">
      <Filter>Assignments</Filter>
    </ClCompile>
    <ClCompile Include="lecture10.cpp">
      <Filter>Week 10</Filter>
    </ClCompile>
  </ItemGroup>
  <ItemGroup>
    <ClInclude Include="Objects.h">
      <Filter>Week 4\lab4</Filter>
    </ClInclude>
    <ClInclude Include="Streams.h">
      <Filter>Week 4\lab4</Filter>
    </ClInclude>
    <ClInclude Include="Vector2.h">
      <Filter>Week 4\lab4</Filter>
    </ClInclude>
    <ClInclude Include="Array.h">
      <Filter>Containers</Filter>
    </ClInclude>
    <ClInclude Include="Vector.h">
      <Filter>Containers</Filter>
    </ClInclude>
  </ItemGroup>
</Project>