<?xml version="1.0" encoding="utf-8"?>
<Project ToolsVersion="4.0" xmlns="http://schemas.microsoft.com/developer/msbuild/2003">
  <ItemGroup>
    <Filter Include="Week 1">
      <UniqueIdentifier>{f8c881f8-3297-46f8-bbab-4d376be3f239}</UniqueIdentifier>
    </Filter>
    <Filter Include="Week 2">
      <UniqueIdentifier>{950a74f5-dc61-4f49-87ac-fe5127013217}</UniqueIdentifier>
    </Filter>
    <Filter Include="Week 3">
      <UniqueIdentifier>{30ced720-59a5-45e3-89c0-ac6fa3291834}</UniqueIdentifier>
    </Filter>
    <Filter Include="Week 4">
      <UniqueIdentifier>{c69dea0f-0448-4489-b77d-16487172fa67}</UniqueIdentifier>
    </Filter>
    <Filter Include="Week 5">
      <UniqueIdentifier>{b8dc303e-9049-43cd-8f1a-226e2098108e}</UniqueIdentifier>
    </Filter>
    <Filter Include="Week 4\lab4">
      <UniqueIdentifier>{2914d20d-0702-4137-8985-866a265b903d}</UniqueIdentifier>
    </Filter>
    <Filter Include="Week 4\lecture4">
      <UniqueIdentifier>{2fcd5b53-83a4-4317-84b7-63233a350eab}</UniqueIdentifier>
    </Filter>
  </ItemGroup>
  <ItemGroup>
    <ClCompile Include="lab1.cpp">
      <Filter>Week 1</Filter>
    </ClCompile>
    <ClCompile Include="lab2.cpp">
      <Filter>Week 2</Filter>
    </ClCompile>
    <ClCompile Include="lecture2.cpp">
      <Filter>Week 2</Filter>
    </ClCompile>
    <ClCompile Include="lab3.cpp">
      <Filter>Week 3</Filter>
    </ClCompile>
    <ClCompile Include="lecture3.cpp">
      <Filter>Week 3</Filter>
    </ClCompile>
    <ClCompile Include="lecture5.cpp">
      <Filter>Week 5</Filter>
    </ClCompile>
    <ClCompile Include="OperatorAbuse.cpp">
      <Filter>Week 4</Filter>
    </ClCompile>
    <ClCompile Include="lab4.cpp">
      <Filter>Week 4\lab4</Filter>
    </ClCompile>
    <ClCompile Include="CopyReview.cpp">
      <Filter>Week 4\lecture4</Filter>
    </ClCompile>
    <ClCompile Include="lecture4.cpp">
      <Filter>Week 4\lecture4</Filter>
    </ClCompile>
    <ClCompile Include="NumberArray.cpp">
      <Filter>Week 4\lecture4</Filter>
    </ClCompile>
  </ItemGroup>
  <ItemGroup>
    <ClInclude Include="Objects.h">
      <Filter>Week 4\lab4</Filter>
    </ClInclude>
    <ClInclude Include="Streams.h">
      <Filter>Week 4\lab4</Filter>
    </ClInclude>
    <ClInclude Include="NumberArray.h">
      <Filter>Week 4\lecture4</Filter>
    </ClInclude>
  </ItemGroup>
</Project>